
Microsoft Visual Studio Solution File, Format Version 12.00
# Visual Studio Version 17
VisualStudioVersion = 17.11.35312.102
MinimumVisualStudioVersion = 10.0.40219.1
Project("{888888A0-9F3D-457C-B088-3A5042F75D52}") = "DTH225797", "DTH225797\DTH225797.pyproj", "{17FE83C5-5C23-4941-A703-B341E992F679}"
EndProject
Global
	GlobalSection(SolutionConfigurationPlatforms) = preSolution
		Debug|Any CPU = Debug|Any CPU
		Release|Any CPU = Release|Any CPU
	EndGlobalSection
	GlobalSection(ProjectConfigurationPlatforms) = postSolution
		{17FE83C5-5C23-4941-A703-B341E992F679}.Debug|Any CPU.ActiveCfg = Debug|Any CPU
		{17FE83C5-5C23-4941-A703-B341E992F679}.Release|Any CPU.ActiveCfg = Release|Any CPU
	EndGlobalSection
	GlobalSection(SolutionProperties) = preSolution
		HideSolutionNode = FALSE
	EndGlobalSection
	GlobalSection(ExtensibilityGlobals) = postSolution
		SolutionGuid = {9BCE7141-F46F-49E7-A8C2-47F5D8452661}
	EndGlobalSection
EndGlobal
